
Microsoft Visual Studio Solution File, Format Version 12.00
# Visual Studio 14
VisualStudioVersion = 14.0.25420.1
MinimumVisualStudioVersion = 10.0.40219.1
Project("{FAE04EC0-301F-11D3-BF4B-00C04F79EFBC}") = "Tipstaff", "Tipstaff\Tipstaff.csproj", "{0E4112EF-E6F0-4E05-9323-621C31D122F4}"
EndProject
Project("{2150E333-8FDC-42A3-9474-1A3956D46DE8}") = "Solution Items", "Solution Items", "{9C696EC1-34EA-4F41-9084-36FFD7D9D4B2}"
	ProjectSection(SolutionItems) = preProject
		.gitattributes = .gitattributes
		.gitignore = .gitignore
	EndProjectSection
EndProject
Project("{00D1A9C2-B5F0-4AF3-8072-F6C62B433612}") = "Tipstaff_Database", "Tipstaff_Database\Tipstaff_Database.sqlproj", "{57A14028-8CC4-4151-85F1-C3801B0AAF4C}"
EndProject
Global
	GlobalSection(SolutionConfigurationPlatforms) = preSolution
		Debug|AnyCPU = Debug|AnyCPU
		Live|AnyCPU = Live|AnyCPU
		Release|AnyCPU = Release|AnyCPU
	EndGlobalSection
	GlobalSection(ProjectConfigurationPlatforms) = postSolution
		{0E4112EF-E6F0-4E05-9323-621C31D122F4}.Debug|AnyCPU.ActiveCfg = Release|Any CPU
		{0E4112EF-E6F0-4E05-9323-621C31D122F4}.Debug|AnyCPU.Build.0 = Release|Any CPU
		{0E4112EF-E6F0-4E05-9323-621C31D122F4}.Live|AnyCPU.ActiveCfg = Release|Any CPU
		{0E4112EF-E6F0-4E05-9323-621C31D122F4}.Live|AnyCPU.Build.0 = Release|Any CPU
		{0E4112EF-E6F0-4E05-9323-621C31D122F4}.Release|AnyCPU.ActiveCfg = Release|Any CPU
		{0E4112EF-E6F0-4E05-9323-621C31D122F4}.Release|AnyCPU.Build.0 = Release|Any CPU
		{57A14028-8CC4-4151-85F1-C3801B0AAF4C}.Debug|AnyCPU.ActiveCfg = Debug|Any CPU
		{57A14028-8CC4-4151-85F1-C3801B0AAF4C}.Debug|AnyCPU.Build.0 = Debug|Any CPU
		{57A14028-8CC4-4151-85F1-C3801B0AAF4C}.Debug|AnyCPU.Deploy.0 = Debug|Any CPU
		{57A14028-8CC4-4151-85F1-C3801B0AAF4C}.Live|AnyCPU.ActiveCfg = Debug|Any CPU
		{57A14028-8CC4-4151-85F1-C3801B0AAF4C}.Live|AnyCPU.Build.0 = Debug|Any CPU
		{57A14028-8CC4-4151-85F1-C3801B0AAF4C}.Live|AnyCPU.Deploy.0 = Debug|Any CPU
		{57A14028-8CC4-4151-85F1-C3801B0AAF4C}.Release|AnyCPU.ActiveCfg = Release|Any CPU
		{57A14028-8CC4-4151-85F1-C3801B0AAF4C}.Release|AnyCPU.Build.0 = Release|Any CPU
		{57A14028-8CC4-4151-85F1-C3801B0AAF4C}.Release|AnyCPU.Deploy.0 = Release|Any CPU
	EndGlobalSection
	GlobalSection(SolutionProperties) = preSolution
		HideSolutionNode = FALSE
	EndGlobalSection
EndGlobal
