
Microsoft Visual Studio Solution File, Format Version 12.00
# Visual Studio 15
VisualStudioVersion = 15.0.26430.12
MinimumVisualStudioVersion = 10.0.40219.1
Project("{FAE04EC0-301F-11D3-BF4B-00C04F79EFBC}") = "Tipstaff", "Tipstaff\Tipstaff.csproj", "{0E4112EF-E6F0-4E05-9323-621C31D122F4}"
EndProject
Project("{00D1A9C2-B5F0-4AF3-8072-F6C62B433612}") = "Tipstaff_Database", "Tipstaff_Database\Tipstaff_Database.sqlproj", "{57A14028-8CC4-4151-85F1-C3801B0AAF4C}"
EndProject
Project("{2150E333-8FDC-42A3-9474-1A3956D46DE8}") = "Solution Items", "Solution Items", "{E0B7903A-57C6-4E12-A747-A3DA4CA02BAB}"
EndProject
Project("{FAE04EC0-301F-11D3-BF4B-00C04F79EFBC}") = "Tipstaff.Infrastructure", "Tipstaff.Infrastructure\Tipstaff.Infrastructure.csproj", "{55B3EA41-D787-437B-913A-560193C00F98}"
EndProject
Project("{FAE04EC0-301F-11D3-BF4B-00C04F79EFBC}") = "Tipstaff.Services", "Tipstaff.Services\Tipstaff.Services.csproj", "{C95D0533-6E9A-48BE-9DB0-DD242BF22141}"
EndProject
Project("{FAE04EC0-301F-11D3-BF4B-00C04F79EFBC}") = "Tipstaff.Tests", "Tipstaff.Tests\Tipstaff.Tests.csproj", "{EA1A5E78-D3B5-4B14-AA3E-651E84946689}"
EndProject
Global
	GlobalSection(SolutionConfigurationPlatforms) = preSolution
		Debug|Any CPU = Debug|Any CPU
		Live|Any CPU = Live|Any CPU
		Release|Any CPU = Release|Any CPU
	EndGlobalSection
	GlobalSection(ProjectConfigurationPlatforms) = postSolution
		{0E4112EF-E6F0-4E05-9323-621C31D122F4}.Debug|Any CPU.ActiveCfg = Release|Any CPU
		{0E4112EF-E6F0-4E05-9323-621C31D122F4}.Debug|Any CPU.Build.0 = Release|Any CPU
		{0E4112EF-E6F0-4E05-9323-621C31D122F4}.Live|Any CPU.ActiveCfg = Release|Any CPU
		{0E4112EF-E6F0-4E05-9323-621C31D122F4}.Live|Any CPU.Build.0 = Release|Any CPU
		{0E4112EF-E6F0-4E05-9323-621C31D122F4}.Release|Any CPU.ActiveCfg = Release|Any CPU
		{0E4112EF-E6F0-4E05-9323-621C31D122F4}.Release|Any CPU.Build.0 = Release|Any CPU
		{57A14028-8CC4-4151-85F1-C3801B0AAF4C}.Debug|Any CPU.ActiveCfg = Release|Any CPU
		{57A14028-8CC4-4151-85F1-C3801B0AAF4C}.Debug|Any CPU.Build.0 = Release|Any CPU
		{57A14028-8CC4-4151-85F1-C3801B0AAF4C}.Debug|Any CPU.Deploy.0 = Release|Any CPU
		{57A14028-8CC4-4151-85F1-C3801B0AAF4C}.Live|Any CPU.ActiveCfg = Debug|Any CPU
		{57A14028-8CC4-4151-85F1-C3801B0AAF4C}.Live|Any CPU.Build.0 = Debug|Any CPU
		{57A14028-8CC4-4151-85F1-C3801B0AAF4C}.Live|Any CPU.Deploy.0 = Debug|Any CPU
		{57A14028-8CC4-4151-85F1-C3801B0AAF4C}.Release|Any CPU.ActiveCfg = Release|Any CPU
		{57A14028-8CC4-4151-85F1-C3801B0AAF4C}.Release|Any CPU.Build.0 = Release|Any CPU
		{57A14028-8CC4-4151-85F1-C3801B0AAF4C}.Release|Any CPU.Deploy.0 = Release|Any CPU
		{55B3EA41-D787-437B-913A-560193C00F98}.Debug|Any CPU.ActiveCfg = Debug|Any CPU
		{55B3EA41-D787-437B-913A-560193C00F98}.Debug|Any CPU.Build.0 = Debug|Any CPU
		{55B3EA41-D787-437B-913A-560193C00F98}.Live|Any CPU.ActiveCfg = Release|Any CPU
		{55B3EA41-D787-437B-913A-560193C00F98}.Live|Any CPU.Build.0 = Release|Any CPU
		{55B3EA41-D787-437B-913A-560193C00F98}.Release|Any CPU.ActiveCfg = Release|Any CPU
		{55B3EA41-D787-437B-913A-560193C00F98}.Release|Any CPU.Build.0 = Release|Any CPU
		{C95D0533-6E9A-48BE-9DB0-DD242BF22141}.Debug|Any CPU.ActiveCfg = Debug|Any CPU
		{C95D0533-6E9A-48BE-9DB0-DD242BF22141}.Debug|Any CPU.Build.0 = Debug|Any CPU
		{C95D0533-6E9A-48BE-9DB0-DD242BF22141}.Live|Any CPU.ActiveCfg = Release|Any CPU
		{C95D0533-6E9A-48BE-9DB0-DD242BF22141}.Live|Any CPU.Build.0 = Release|Any CPU
		{C95D0533-6E9A-48BE-9DB0-DD242BF22141}.Release|Any CPU.ActiveCfg = Release|Any CPU
		{C95D0533-6E9A-48BE-9DB0-DD242BF22141}.Release|Any CPU.Build.0 = Release|Any CPU
		{EA1A5E78-D3B5-4B14-AA3E-651E84946689}.Debug|Any CPU.ActiveCfg = Debug|Any CPU
		{EA1A5E78-D3B5-4B14-AA3E-651E84946689}.Debug|Any CPU.Build.0 = Debug|Any CPU
		{EA1A5E78-D3B5-4B14-AA3E-651E84946689}.Live|Any CPU.ActiveCfg = Release|Any CPU
		{EA1A5E78-D3B5-4B14-AA3E-651E84946689}.Live|Any CPU.Build.0 = Release|Any CPU
		{EA1A5E78-D3B5-4B14-AA3E-651E84946689}.Release|Any CPU.ActiveCfg = Release|Any CPU
		{EA1A5E78-D3B5-4B14-AA3E-651E84946689}.Release|Any CPU.Build.0 = Release|Any CPU
	EndGlobalSection
	GlobalSection(SolutionProperties) = preSolution
		HideSolutionNode = FALSE
	EndGlobalSection
EndGlobal
